
Microsoft Visual Studio Solution File, Format Version 12.00
# Visual Studio 15
VisualStudioVersion = 15.0.28307.852
MinimumVisualStudioVersion = 10.0.40219.1
Project("{FAE04EC0-301F-11D3-BF4B-00C04F79EFBC}") = "OlevelSubjects", "OlevelSubjects\OlevelSubjects.csproj", "{4784615A-84C6-48B2-9C39-B38E58DBB6F6}"
EndProject
Global
	GlobalSection(SolutionConfigurationPlatforms) = preSolution
		Debug|Any CPU = Debug|Any CPU
		Release|Any CPU = Release|Any CPU
	EndGlobalSection
	GlobalSection(ProjectConfigurationPlatforms) = postSolution
		{4784615A-84C6-48B2-9C39-B38E58DBB6F6}.Debug|Any CPU.ActiveCfg = Debug|Any CPU
		{4784615A-84C6-48B2-9C39-B38E58DBB6F6}.Debug|Any CPU.Build.0 = Debug|Any CPU
		{4784615A-84C6-48B2-9C39-B38E58DBB6F6}.Release|Any CPU.ActiveCfg = Release|Any CPU
		{4784615A-84C6-48B2-9C39-B38E58DBB6F6}.Release|Any CPU.Build.0 = Release|Any CPU
	EndGlobalSection
	GlobalSection(SolutionProperties) = preSolution
		HideSolutionNode = FALSE
	EndGlobalSection
	GlobalSection(ExtensibilityGlobals) = postSolution
		SolutionGuid = {E678AEAC-B029-4F46-94F2-61DD8B390C6A}
	EndGlobalSection
EndGlobal
